
Microsoft Visual Studio Solution File, Format Version 12.00
# Visual Studio Version 17
VisualStudioVersion = 17.5.002.0
MinimumVisualStudioVersion = 10.0.40219.1
Project("{9A19103F-16F7-4668-BE54-9A1E7A4F7556}") = "inventario", "inventario.csproj", "{AD4B8E58-C6D6-429D-AD7F-AC9722DF85A0}"
EndProject
Global
	GlobalSection(SolutionConfigurationPlatforms) = preSolution
		Debug|Any CPU = Debug|Any CPU
		Release|Any CPU = Release|Any CPU
	EndGlobalSection
	GlobalSection(ProjectConfigurationPlatforms) = postSolution
		{AD4B8E58-C6D6-429D-AD7F-AC9722DF85A0}.Debug|Any CPU.ActiveCfg = Debug|Any CPU
		{AD4B8E58-C6D6-429D-AD7F-AC9722DF85A0}.Debug|Any CPU.Build.0 = Debug|Any CPU
		{AD4B8E58-C6D6-429D-AD7F-AC9722DF85A0}.Release|Any CPU.ActiveCfg = Release|Any CPU
		{AD4B8E58-C6D6-429D-AD7F-AC9722DF85A0}.Release|Any CPU.Build.0 = Release|Any CPU
	EndGlobalSection
	GlobalSection(SolutionProperties) = preSolution
		HideSolutionNode = FALSE
	EndGlobalSection
	GlobalSection(ExtensibilityGlobals) = postSolution
		SolutionGuid = {555BF8C2-1054-494B-A947-92C73502F42D}
	EndGlobalSection
EndGlobal
